# THIS IS AN AUTOGENERATED FILE. DO NOT EDIT THIS FILE DIRECTLY.
# yarn lockfile v1


chinese-parseint@*:
  version "1.2.1"
  resolved "https://registry.yarnpkg.com/chinese-parseint/-/chinese-parseint-1.2.1.tgz#3086f8f9b8e63f784a301211119ead868fbf3c11"
  integrity sha512-72rUbnzYlfVxdZcqqTwgXDKiuywCQQ+D0UutNNFSMCtc6V6V1XZz/HmMIzG33qN1CSOdAnfZ0sbc6HnLmRI7HQ==

jsml-parser@*:
  version "0.2.4"
  resolved "https://registry.yarnpkg.com/jsml-parser/-/jsml-parser-0.2.4.tgz#04432bde72f8246f72abf690f7ea15348da721e2"
  integrity sha512-1XR+6alWP/ytT/6tm3Wb7mcZyHjOQHdC/Fh+aqiiTKr7FCKKyvmng0Xij186f4uswq/17IaeXR0YFCDORC6vyA==

kong-util@*:
  version "0.6.0"
  resolved "https://registry.yarnpkg.com/kong-util/-/kong-util-0.6.0.tgz#98740aeeb3c52cdbbb5418242d61cb074ac0ef2b"
  integrity sha512-us/9W5ujaGCNGtJDpVSfkMSo+LbYRY6WswHMfv96fWCVW2qugNWAnIpgLhjVYY19MOVsfJIuvtAux54pchprUA==
  dependencies:
    chinese-parseint "*"
    jsml-parser "*"
